
Microsoft Visual Studio Solution File, Format Version 12.00
# Visual Studio 14
VisualStudioVersion = 14.0.25420.1
MinimumVisualStudioVersion = 10.0.40219.1
Project("{FAE04EC0-301F-11D3-BF4B-00C04F79EFBC}") = "Snail.Collector", "Snail.Collector\Snail.Collector.csproj", "{ACC7C2B4-F6F9-4151-8E15-519D21D497F3}"
EndProject
Project("{FAE04EC0-301F-11D3-BF4B-00C04F79EFBC}") = "Snail.Collector.Core", "Snail.Collector.Core\Snail.Collector.Core.csproj", "{AFDC44C9-151A-4122-9625-AD341B963FB9}"
EndProject
Project("{2150E333-8FDC-42A3-9474-1A3956D46DE8}") = "Modules", "Modules", "{8C133E30-B5B3-4D55-9D4A-DB32E5713954}"
EndProject
Project("{FAE04EC0-301F-11D3-BF4B-00C04F79EFBC}") = "Snail.Collector.Modules.Net", "Snail.Collector.Modules.Net\Snail.Collector.Modules.Net.csproj", "{4510C7D8-4BD9-4ABC-A914-17782B230F5D}"
EndProject
Project("{FAE04EC0-301F-11D3-BF4B-00C04F79EFBC}") = "Snail.Collector.Modules.Log", "Snail.Collector.Modules.Log\Snail.Collector.Modules.Log.csproj", "{7FF253BB-A571-42E2-9566-3A3DA93843AD}"
EndProject
Global
	GlobalSection(SolutionConfigurationPlatforms) = preSolution
		Debug|Any CPU = Debug|Any CPU
		Release|Any CPU = Release|Any CPU
	EndGlobalSection
	GlobalSection(ProjectConfigurationPlatforms) = postSolution
		{ACC7C2B4-F6F9-4151-8E15-519D21D497F3}.Debug|Any CPU.ActiveCfg = Debug|Any CPU
		{ACC7C2B4-F6F9-4151-8E15-519D21D497F3}.Debug|Any CPU.Build.0 = Debug|Any CPU
		{ACC7C2B4-F6F9-4151-8E15-519D21D497F3}.Release|Any CPU.ActiveCfg = Release|Any CPU
		{ACC7C2B4-F6F9-4151-8E15-519D21D497F3}.Release|Any CPU.Build.0 = Release|Any CPU
		{AFDC44C9-151A-4122-9625-AD341B963FB9}.Debug|Any CPU.ActiveCfg = Debug|Any CPU
		{AFDC44C9-151A-4122-9625-AD341B963FB9}.Debug|Any CPU.Build.0 = Debug|Any CPU
		{AFDC44C9-151A-4122-9625-AD341B963FB9}.Release|Any CPU.ActiveCfg = Release|Any CPU
		{AFDC44C9-151A-4122-9625-AD341B963FB9}.Release|Any CPU.Build.0 = Release|Any CPU
		{4510C7D8-4BD9-4ABC-A914-17782B230F5D}.Debug|Any CPU.ActiveCfg = Debug|Any CPU
		{4510C7D8-4BD9-4ABC-A914-17782B230F5D}.Debug|Any CPU.Build.0 = Debug|Any CPU
		{4510C7D8-4BD9-4ABC-A914-17782B230F5D}.Release|Any CPU.ActiveCfg = Release|Any CPU
		{4510C7D8-4BD9-4ABC-A914-17782B230F5D}.Release|Any CPU.Build.0 = Release|Any CPU
		{7FF253BB-A571-42E2-9566-3A3DA93843AD}.Debug|Any CPU.ActiveCfg = Debug|Any CPU
		{7FF253BB-A571-42E2-9566-3A3DA93843AD}.Debug|Any CPU.Build.0 = Debug|Any CPU
		{7FF253BB-A571-42E2-9566-3A3DA93843AD}.Release|Any CPU.ActiveCfg = Release|Any CPU
		{7FF253BB-A571-42E2-9566-3A3DA93843AD}.Release|Any CPU.Build.0 = Release|Any CPU
	EndGlobalSection
	GlobalSection(SolutionProperties) = preSolution
		HideSolutionNode = FALSE
	EndGlobalSection
	GlobalSection(NestedProjects) = preSolution
		{4510C7D8-4BD9-4ABC-A914-17782B230F5D} = {8C133E30-B5B3-4D55-9D4A-DB32E5713954}
		{7FF253BB-A571-42E2-9566-3A3DA93843AD} = {8C133E30-B5B3-4D55-9D4A-DB32E5713954}
	EndGlobalSection
EndGlobal
